// !$*UTF8*$!
{
	archiveVersion = 1;
	classes = {
	};
	objectVersion = 46;
	objects = {

/* Begin PBXBuildFile section */
		5F1C6C181A2CBF82002317E9 /* main.m in Sources */ = {isa = PBXBuildFile; fileRef = 5F1C6C171A2CBF82002317E9 /* main.m */; };
		5F1C6C1B1A2CBF82002317E9 /* AppDelegate.m in Sources */ = {isa = PBXBuildFile; fileRef = 5F1C6C1A1A2CBF82002317E9 /* AppDelegate.m */; };
		5F1C6C1E1A2CBF82002317E9 /* ViewController.m in Sources */ = {isa = PBXBuildFile; fileRef = 5F1C6C1D1A2CBF82002317E9 /* ViewController.m */; };
		5F1C6C211A2CBF82002317E9 /* Main.storyboard in Resources */ = {isa = PBXBuildFile; fileRef = 5F1C6C1F1A2CBF82002317E9 /* Main.storyboard */; };
		5F1C6C231A2CBF82002317E9 /* Images.xcassets in Resources */ = {isa = PBXBuildFile; fileRef = 5F1C6C221A2CBF82002317E9 /* Images.xcassets */; };
		5F1C6C261A2CBF82002317E9 /* LaunchScreen.xib in Resources */ = {isa = PBXBuildFile; fileRef = 5F1C6C241A2CBF82002317E9 /* LaunchScreen.xib */; };
		5F1C6C321A2CBF83002317E9 /* PassbookDemoTests.m in Sources */ = {isa = PBXBuildFile; fileRef = 5F1C6C311A2CBF83002317E9 /* PassbookDemoTests.m */; };
/* End PBXBuildFile section */

/* Begin PBXContainerItemProxy section */
		5F1C6C2C1A2CBF83002317E9 /* PBXContainerItemProxy */ = {
			isa = PBXContainerItemProxy;
			containerPortal = 5F1C6C0A1A2CBF82002317E9 /* Project object */;
			proxyType = 1;
			remoteGlobalIDString = 5F1C6C111A2CBF82002317E9;
			remoteInfo = PassbookDemo;
		};
/* End PBXContainerItemProxy section */

/* Begin PBXFileReference section */
		5F1C6C121A2CBF82002317E9 /* PassbookDemo.app */ = {isa = PBXFileReference; explicitFileType = wrapper.application; includeInIndex = 0; path = PassbookDemo.app; sourceTree = BUILT_PRODUCTS_DIR; };
		5F1C6C161A2CBF82002317E9 /* Info.plist */ = {isa = PBXFileReference; lastKnownFileType = text.plist.xml; path = Info.plist; sourceTree = "<group>"; };
		5F1C6C171A2CBF82002317E9 /* main.m */ = {isa = PBXFileReference; lastKnownFileType = sourcecode.c.objc; path = main.m; sourceTree = "<group>"; };
		5F1C6C191A2CBF82002317E9 /* AppDelegate.h */ = {isa = PBXFileReference; lastKnownFileType = sourcecode.c.h; path = AppDelegate.h; sourceTree = "<group>"; };
		5F1C6C1A1A2CBF82002317E9 /* AppDelegate.m */ = {isa = PBXFileReference; lastKnownFileType = sourcecode.c.objc; path = AppDelegate.m; sourceTree = "<group>"; };
		5F1C6C1C1A2CBF82002317E9 /* ViewController.h */ = {isa = PBXFileReference; lastKnownFileType = sourcecode.c.h; path = ViewController.h; sourceTree = "<group>"; };
		5F1C6C1D1A2CBF82002317E9 /* ViewController.m */ = {isa = PBXFileReference; lastKnownFileType = sourcecode.c.objc; path = ViewController.m; sourceTree = "<group>"; };
		5F1C6C201A2CBF82002317E9 /* Base */ = {isa = PBXFileReference; lastKnownFileType = file.storyboard; name = Base; path = Base.lproj/Main.storyboard; sourceTree = "<group>"; };
		5F1C6C221A2CBF82002317E9 /* Images.xcassets */ = {isa = PBXFileReference; lastKnownFileType = folder.assetcatalog; path = Images.xcassets; sourceTree = "<group>"; };
		5F1C6C251A2CBF82002317E9 /* Base */ = {isa = PBXFileReference; lastKnownFileType = file.xib; name = Base; path = Base.lproj/LaunchScreen.xib; sourceTree = "<group>"; };
		5F1C6C2B1A2CBF83002317E9 /* PassbookDemoTests.xctest */ = {isa = PBXFileReference; explicitFileType = wrapper.cfbundle; includeInIndex = 0; path = PassbookDemoTests.xctest; sourceTree = BUILT_PRODUCTS_DIR; };
		5F1C6C301A2CBF83002317E9 /* Info.plist */ = {isa = PBXFileReference; lastKnownFileType = text.plist.xml; path = Info.plist; sourceTree = "<group>"; };
		5F1C6C311A2CBF83002317E9 /* PassbookDemoTests.m */ = {isa = PBXFileReference; lastKnownFileType = sourcecode.c.objc; path = PassbookDemoTests.m; sourceTree = "<group>"; };
/* End PBXFileReference section */

/* Begin PBXFrameworksBuildPhase section */
		5F1C6C0F1A2CBF82002317E9 /* Frameworks */ = {
			isa = PBXFrameworksBuildPhase;
			buildActionMask = 2147483647;
			files = (
			);
			runOnlyForDeploymentPostprocessing = 0;
		};
		5F1C6C281A2CBF83002317E9 /* Frameworks */ = {
			isa = PBXFrameworksBuildPhase;
			buildActionMask = 2147483647;
			files = (
			);
			runOnlyForDeploymentPostprocessing = 0;
		};
/* End PBXFrameworksBuildPhase section */

/* Begin PBXGroup section */
		5F1C6C091A2CBF82002317E9 = {
			isa = PBXGroup;
			children = (
				5F1C6C141A2CBF82002317E9 /* PassbookDemo */,
				5F1C6C2E1A2CBF83002317E9 /* PassbookDemoTests */,
				5F1C6C131A2CBF82002317E9 /* Products */,
			);
			sourceTree = "<group>";
		};
		5F1C6C131A2CBF82002317E9 /* Products */ = {
			isa = PBXGroup;
			children = (
				5F1C6C121A2CBF82002317E9 /* PassbookDemo.app */,
				5F1C6C2B1A2CBF83002317E9 /* PassbookDemoTests.xctest */,
			);
			name = Products;
			sourceTree = "<group>";
		};
		5F1C6C141A2CBF82002317E9 /* PassbookDemo */ = {
			isa = PBXGroup;
			children = (
				5F1C6C191A2CBF82002317E9 /* AppDelegate.h */,
				5F1C6C1A1A2CBF82002317E9 /* AppDelegate.m */,
				5F1C6C1C1A2CBF82002317E9 /* ViewController.h */,
				5F1C6C1D1A2CBF82002317E9 /* ViewController.m */,
				5F1C6C1F1A2CBF82002317E9 /* Main.storyboard */,
				5F1C6C221A2CBF82002317E9 /* Images.xcassets */,
				5F1C6C241A2CBF82002317E9 /* LaunchScreen.xib */,
				5F1C6C151A2CBF82002317E9 /* Supporting Files */,
			);
			path = PassbookDemo;
			sourceTree = "<group>";
		};
		5F1C6C151A2CBF82002317E9 /* Supporting Files */ = {
			isa = PBXGroup;
			children = (
				5F1C6C161A2CBF82002317E9 /* Info.plist */,
				5F1C6C171A2CBF82002317E9 /* main.m */,
			);
			name = "Supporting Files";
			sourceTree = "<group>";
		};
		5F1C6C2E1A2CBF83002317E9 /* PassbookDemoTests */ = {
			isa = PBXGroup;
			children = (
				5F1C6C311A2CBF83002317E9 /* PassbookDemoTests.m */,
				5F1C6C2F1A2CBF83002317E9 /* Supporting Files */,
			);
			path = PassbookDemoTests;
			sourceTree = "<group>";
		};
		5F1C6C2F1A2CBF83002317E9 /* Supporting Files */ = {
			isa = PBXGroup;
			children = (
				5F1C6C301A2CBF83002317E9 /* Info.plist */,
			);
			name = "Supporting Files";
			sourceTree = "<group>";
		};
/* End PBXGroup section */

/* Begin PBXNativeTarget section */
		5F1C6C111A2CBF82002317E9 /* PassbookDemo */ = {
			isa = PBXNativeTarget;
			buildConfigurationList = 5F1C6C351A2CBF83002317E9 /* Build configuration list for PBXNativeTarget "PassbookDemo" */;
			buildPhases = (
				5F1C6C0E1A2CBF82002317E9 /* Sources */,
				5F1C6C0F1A2CBF82002317E9 /* Frameworks */,
				5F1C6C101A2CBF82002317E9 /* Resources */,
			);
			buildRules = (
			);
			dependencies = (
			);
			name = PassbookDemo;
			productName = PassbookDemo;
			productReference = 5F1C6C121A2CBF82002317E9 /* PassbookDemo.app */;
			productType = "com.apple.product-type.application";
		};
		5F1C6C2A1A2CBF83002317E9 /* PassbookDemoTests */ = {
			isa = PBXNativeTarget;
			buildConfigurationList = 5F1C6C381A2CBF83002317E9 /* Build configuration list for PBXNativeTarget "PassbookDemoTests" */;
			buildPhases = (
				5F1C6C271A2CBF83002317E9 /* Sources */,
				5F1C6C281A2CBF83002317E9 /* Frameworks */,
				5F1C6C291A2CBF83002317E9 /* Resources */,
			);
			buildRules = (
			);
			dependencies = (
				5F1C6C2D1A2CBF83002317E9 /* PBXTargetDependency */,
			);
			name = PassbookDemoTests;
			productName = PassbookDemoTests;
			productReference = 5F1C6C2B1A2CBF83002317E9 /* PassbookDemoTests.xctest */;
			productType = "com.apple.product-type.bundle.unit-test";
		};
/* End PBXNativeTarget section */

/* Begin PBXProject section */
		5F1C6C0A1A2CBF82002317E9 /* Project object */ = {
			isa = PBXProject;
			attributes = {
				LastUpgradeCheck = 0610;
				ORGANIZATIONNAME = "Kitten Yang";
				TargetAttributes = {
					5F1C6C111A2CBF82002317E9 = {
						CreatedOnToolsVersion = 6.1;
					};
					5F1C6C2A1A2CBF83002317E9 = {
						CreatedOnToolsVersion = 6.1;
						TestTargetID = 5F1C6C111A2CBF82002317E9;
					};
				};
			};
			buildConfigurationList = 5F1C6C0D1A2CBF82002317E9 /* Build configuration list for PBXProject "PassbookDemo" */;
			compatibilityVersion = "Xcode 3.2";
			developmentRegion = English;
			hasScannedForEncodings = 0;
			knownRegions = (
				en,
				Base,
			);
			mainGroup = 5F1C6C091A2CBF82002317E9;
			productRefGroup = 5F1C6C131A2CBF82002317E9 /* Products */;
			projectDirPath = "";
			projectRoot = "";
			targets = (
				5F1C6C111A2CBF82002317E9 /* PassbookDemo */,
				5F1C6C2A1A2CBF83002317E9 /* PassbookDemoTests */,
			);
		};
/* End PBXProject section */

/* Begin PBXResourcesBuildPhase section */
		5F1C6C101A2CBF82002317E9 /* Resources */ = {
			isa = PBXResourcesBuildPhase;
			buildActionMask = 2147483647;
			files = (
				5F1C6C211A2CBF82002317E9 /* Main.storyboard in Resources */,
				5F1C6C261A2CBF82002317E9 /* LaunchScreen.xib in Resources */,
				5F1C6C231A2CBF82002317E9 /* Images.xcassets in Resources */,
			);
			runOnlyForDeploymentPostprocessing = 0;
		};
		5F1C6C291A2CBF83002317E9 /* Resources */ = {
			isa = PBXResourcesBuildPhase;
			buildActionMask = 2147483647;
			files = (
			);
			runOnlyForDeploymentPostprocessing = 0;
		};
/* End PBXResourcesBuildPhase section */

/* Begin PBXSourcesBuildPhase section */
		5F1C6C0E1A2CBF82002317E9 /* Sources */ = {
			isa = PBXSourcesBuildPhase;
			buildActionMask = 2147483647;
			files = (
				5F1C6C1E1A2CBF82002317E9 /* ViewController.m in Sources */,
				5F1C6C1B1A2CBF82002317E9 /* AppDelegate.m in Sources */,
				5F1C6C181A2CBF82002317E9 /* main.m in Sources */,
			);
			runOnlyForDeploymentPostprocessing = 0;
		};
		5F1C6C271A2CBF83002317E9 /* Sources */ = {
			isa = PBXSourcesBuildPhase;
			buildActionMask = 2147483647;
			files = (
				5F1C6C321A2CBF83002317E9 /* PassbookDemoTests.m in Sources */,
			);
			runOnlyForDeploymentPostprocessing = 0;
		};
/* End PBXSourcesBuildPhase section */

/* Begin PBXTargetDependency section */
		5F1C6C2D1A2CBF83002317E9 /* PBXTargetDependency */ = {
			isa = PBXTargetDependency;
			target = 5F1C6C111A2CBF82002317E9 /* PassbookDemo */;
			targetProxy = 5F1C6C2C1A2CBF83002317E9 /* PBXContainerItemProxy */;
		};
/* End PBXTargetDependency section */

/* Begin PBXVariantGroup section */
		5F1C6C1F1A2CBF82002317E9 /* Main.storyboard */ = {
			isa = PBXVariantGroup;
			children = (
				5F1C6C201A2CBF82002317E9 /* Base */,
			);
			name = Main.storyboard;
			sourceTree = "<group>";
		};
		5F1C6C241A2CBF82002317E9 /* LaunchScreen.xib */ = {
			isa = PBXVariantGroup;
			children = (
				5F1C6C251A2CBF82002317E9 /* Base */,
			);
			name = LaunchScreen.xib;
			sourceTree = "<group>";
		};
/* End PBXVariantGroup section */

/* Begin XCBuildConfiguration section */
		5F1C6C331A2CBF83002317E9 /* Debug */ = {
			isa = XCBuildConfiguration;
			buildSettings = {
				ALWAYS_SEARCH_USER_PATHS = NO;
				CLANG_CXX_LANGUAGE_STANDARD = "gnu++0x";
				CLANG_CXX_LIBRARY = "libc++";
				CLANG_ENABLE_MODULES = YES;
				CLANG_ENABLE_OBJC_ARC = YES;
				CLANG_WARN_BOOL_CONVERSION = YES;
				CLANG_WARN_CONSTANT_CONVERSION = YES;
				CLANG_WARN_DIRECT_OBJC_ISA_USAGE = YES_ERROR;
				CLANG_WARN_EMPTY_BODY = YES;
				CLANG_WARN_ENUM_CONVERSION = YES;
				CLANG_WARN_INT_CONVERSION = YES;
				CLANG_WARN_OBJC_ROOT_CLASS = YES_ERROR;
				CLANG_WARN_UNREACHABLE_CODE = YES;
				CLANG_WARN__DUPLICATE_METHOD_MATCH = YES;
				"CODE_SIGN_IDENTITY[sdk=iphoneos*]" = "iPhone Developer";
				COPY_PHASE_STRIP = NO;
				ENABLE_STRICT_OBJC_MSGSEND = YES;
				GCC_C_LANGUAGE_STANDARD = gnu99;
				GCC_DYNAMIC_NO_PIC = NO;
				GCC_OPTIMIZATION_LEVEL = 0;
				GCC_PREPROCESSOR_DEFINITIONS = (
					"DEBUG=1",
					"$(inherited)",
				);
				GCC_SYMBOLS_PRIVATE_EXTERN = NO;
				GCC_WARN_64_TO_32_BIT_CONVERSION = YES;
				GCC_WARN_ABOUT_RETURN_TYPE = YES_ERROR;
				GCC_WARN_UNDECLARED_SELECTOR = YES;
				GCC_WARN_UNINITIALIZED_AUTOS = YES_AGGRESSIVE;
				GCC_WARN_UNUSED_FUNCTION = YES;
				GCC_WARN_UNUSED_VARIABLE = YES;
				IPHONEOS_DEPLOYMENT_TARGET = 7.0;
				MTL_ENABLE_DEBUG_INFO = YES;
				ONLY_ACTIVE_ARCH = YES;
				SDKROOT = iphoneos;
			};
			name = Debug;
		};
		5F1C6C341A2CBF83002317E9 /* Release */ = {
			isa = XCBuildConfiguration;
			buildSettings = {
				ALWAYS_SEARCH_USER_PATHS = NO;
				CLANG_CXX_LANGUAGE_STANDARD = "gnu++0x";
				CLANG_CXX_LIBRARY = "libc++";
				CLANG_ENABLE_MODULES = YES;
				CLANG_ENABLE_OBJC_ARC = YES;
				CLANG_WARN_BOOL_CONVERSION = YES;
				CLANG_WARN_CONSTANT_CONVERSION = YES;
				CLANG_WARN_DIRECT_OBJC_ISA_USAGE = YES_ERROR;
				CLANG_WARN_EMPTY_BODY = YES;
				CLANG_WARN_ENUM_CONVERSION = YES;
				CLANG_WARN_INT_CONVERSION = YES;
				CLANG_WARN_OBJC_ROOT_CLASS = YES_ERROR;
				CLANG_WARN_UNREACHABLE_CODE = YES;
				CLANG_WARN__DUPLICATE_METHOD_MATCH = YES;
				"CODE_SIGN_IDENTITY[sdk=iphoneos*]" = "iPhone Developer";
				COPY_PHASE_STRIP = YES;
				ENABLE_NS_ASSERTIONS = NO;
				ENABLE_STRICT_OBJC_MSGSEND = YES;
				GCC_C_LANGUAGE_STANDARD = gnu99;
				GCC_WARN_64_TO_32_BIT_CONVERSION = YES;
				GCC_WARN_ABOUT_RETURN_TYPE = YES_ERROR;
				GCC_WARN_UNDECLARED_SELECTOR = YES;
				GCC_WARN_UNINITIALIZED_AUTOS = YES_AGGRESSIVE;
				GCC_WARN_UNUSED_FUNCTION = YES;
				GCC_WARN_UNUSED_VARIABLE = YES;
				IPHONEOS_DEPLOYMENT_TARGET = 7.0;
				MTL_ENABLE_DEBUG_INFO = NO;
				SDKROOT = iphoneos;
				VALIDATE_PRODUCT = YES;
			};
			name = Release;
		};
		5F1C6C361A2CBF83002317E9 /* Debug */ = {
			isa = XCBuildConfiguration;
			buildSettings = {
				ASSETCATALOG_COMPILER_APPICON_NAME = AppIcon;
				CODE_SIGN_IDENTITY = "iPhone Developer: Xinyu Li (XWYND9KE57)";
				INFOPLIST_FILE = PassbookDemo/Info.plist;
				LD_RUNPATH_SEARCH_PATHS = "$(inherited) @executable_path/Frameworks";
				PRODUCT_NAME = "$(TARGET_NAME)";
			};
			name = Debug;
		};
		5F1C6C371A2CBF83002317E9 /* Release */ = {
			isa = XCBuildConfiguration;
			buildSettings = {
				ASSETCATALOG_COMPILER_APPICON_NAME = AppIcon;
				INFOPLIST_FILE = PassbookDemo/Info.plist;
				LD_RUNPATH_SEARCH_PATHS = "$(inherited) @executable_path/Frameworks";
				PRODUCT_NAME = "$(TARGET_NAME)";
			};
			name = Release;
		};
		5F1C6C391A2CBF83002317E9 /* Debug */ = {
			isa = XCBuildConfiguration;
			buildSettings = {
				BUNDLE_LOADER = "$(TEST_HOST)";
				FRAMEWORK_SEARCH_PATHS = (
					"$(SDKROOT)/Developer/Library/Frameworks",
					"$(inherited)",
				);
				GCC_PREPROCESSOR_DEFINITIONS = (
					"DEBUG=1",
					"$(inherited)",
				);
				INFOPLIST_FILE = PassbookDemoTests/Info.plist;
				LD_RUNPATH_SEARCH_PATHS = "$(inherited) @executable_path/Frameworks @loader_path/Frameworks";
				PRODUCT_NAME = "$(TARGET_NAME)";
				TEST_HOST = "$(BUILT_PRODUCTS_DIR)/PassbookDemo.app/PassbookDemo";
			};
			name = Debug;
		};
		5F1C6C3A1A2CBF83002317E9 /* Release */ = {
			isa = XCBuildConfiguration;
			buildSettings = {
				BUNDLE_LOADER = "$(TEST_HOST)";
				FRAMEWORK_SEARCH_PATHS = (
					"$(SDKROOT)/Developer/Library/Frameworks",
					"$(inherited)",
				);
				INFOPLIST_FILE = PassbookDemoTests/Info.plist;
				LD_RUNPATH_SEARCH_PATHS = "$(inherited) @executable_path/Frameworks @loader_path/Frameworks";
				PRODUCT_NAME = "$(TARGET_NAME)";
				TEST_HOST = "$(BUILT_PRODUCTS_DIR)/PassbookDemo.app/PassbookDemo";
			};
			name = Release;
		};
/* End XCBuildConfiguration section */

/* Begin XCConfigurationList section */
		5F1C6C0D1A2CBF82002317E9 /* Build configuration list for PBXProject "PassbookDemo" */ = {
			isa = XCConfigurationList;
			buildConfigurations = (
				5F1C6C331A2CBF83002317E9 /* Debug */,
				5F1C6C341A2CBF83002317E9 /* Release */,
			);
			defaultConfigurationIsVisible = 0;
			defaultConfigurationName = Release;
		};
		5F1C6C351A2CBF83002317E9 /* Build configuration list for PBXNativeTarget "PassbookDemo" */ = {
			isa = XCConfigurationList;
			buildConfigurations = (
				5F1C6C361A2CBF83002317E9 /* Debug */,
				5F1C6C371A2CBF83002317E9 /* Release */,
			);
			defaultConfigurationIsVisible = 0;
			defaultConfigurationName = Release;
		};
		5F1C6C381A2CBF83002317E9 /* Build configuration list for PBXNativeTarget "PassbookDemoTests" */ = {
			isa = XCConfigurationList;
			buildConfigurations = (
				5F1C6C391A2CBF83002317E9 /* Debug */,
				5F1C6C3A1A2CBF83002317E9 /* Release */,
			);
			defaultConfigurationIsVisible = 0;
			defaultConfigurationName = Release;
		};
/* End XCConfigurationList section */
	};
	rootObject = 5F1C6C0A1A2CBF82002317E9 /* Project object */;
}
